
Microsoft Visual Studio Solution File, Format Version 12.00
# Visual Studio Version 17
VisualStudioVersion = 17.7.34031.279
MinimumVisualStudioVersion = 10.0.40219.1
Project("{FAE04EC0-301F-11D3-BF4B-00C04F79EFBC}") = "OOPlesson2", "OOPlesson2.csproj", "{76DAEAC5-2035-4239-9363-EA5A4576F126}"
EndProject
Global
	GlobalSection(SolutionConfigurationPlatforms) = preSolution
		Debug|Any CPU = Debug|Any CPU
		Release|Any CPU = Release|Any CPU
	EndGlobalSection
	GlobalSection(ProjectConfigurationPlatforms) = postSolution
		{76DAEAC5-2035-4239-9363-EA5A4576F126}.Debug|Any CPU.ActiveCfg = Debug|Any CPU
		{76DAEAC5-2035-4239-9363-EA5A4576F126}.Debug|Any CPU.Build.0 = Debug|Any CPU
		{76DAEAC5-2035-4239-9363-EA5A4576F126}.Release|Any CPU.ActiveCfg = Release|Any CPU
		{76DAEAC5-2035-4239-9363-EA5A4576F126}.Release|Any CPU.Build.0 = Release|Any CPU
	EndGlobalSection
	GlobalSection(SolutionProperties) = preSolution
		HideSolutionNode = FALSE
	EndGlobalSection
	GlobalSection(ExtensibilityGlobals) = postSolution
		SolutionGuid = {8A3E84C9-A330-4266-A11E-7F1D42F09D0A}
	EndGlobalSection
EndGlobal
